{
  "version": 4,
  "terraform_version": "1.15.8",
  "serial": 22,
  "lineage": "5b624be5-dd64-4642-e5a1-3e34c6173572",
  "outputs": {},
  "resources": [
    {
      "mode": "managed",
      "type": "local_file",
      "name": "app_config",
      "provider": "provider[\"registry.terraform.io/hashicorp/local\"]",
      "instances": [
        {
          "schema_version": 0,
          "attributes": {
            "content": "environment=dev\r\napp=inventory\r\nversion=1.0\r\n",
            "content_base64": null,
            "content_base64sha256": "IUlxClf58GpHcaazSb6XEhABYZ9GGlNtDwSoI2X6hFg=",
            "content_base64sha512": "JIIIweU6Eift7SV4IshncS5xJPVvRRQ5PoEUgYKmZuUNBC/yLRKKHMVgC5z5BsUKeKYdhzo7HihZZx57+iNYFQ==",
            "content_md5": "9bfe830607506fd5b69284b66237fde3",
            "content_sha1": "572e51e01c3e646c0a49a24ded6e758d012ab034",
            "content_sha256": "2149710a57f9f06a4771a6b349be97121001619f461a536d0f04a82365fa8458",
            "content_sha512": "248208c1e53a1227eded257822c867712e7124f56f4514393e81148182a666e50d042ff22d128a1cc5600b9cf906c50a78a61d873a3b1e2859671e7bfa235815",
            "directory_permission": "0777",
            "file_permission": "0777",
            "filename": "app/app.conf",
            "id": "572e51e01c3e646c0a49a24ded6e758d012ab034",
            "sensitive_content": null,
            "source": null
          },
          "sensitive_attributes": [
            [
              {
                "type": "get_attr",
                "value": "sensitive_content"
              }
            ]
          ],
          "identity_schema_version": 0
        }
      ]
    },
    {
      "mode": "managed",
      "type": "local_file",
      "name": "db_config",
      "provider": "provider[\"registry.terraform.io/hashicorp/local\"]",
      "instances": [
        {
          "schema_version": 0,
          "attributes": {
            "content": "environment=dev\r\nserver=web01\r\nport=1433\r\n",
            "content_base64": null,
            "content_base64sha256": "qWmlA2ObmCYfVxdszebMkpbu90uBspzfmrUCYcBGqAc=",
            "content_base64sha512": "0BHdqeebaYs35EW/uiPeQJcegHKRFiWKRyvEycuS2JYwx8QS116iDxHr5UxBpoKjSuHExui1q6UHj+D+yigEoA==",
            "content_md5": "17b05c8b30ba49e7966d8d87baea93a1",
            "content_sha1": "9ee8bbfb93697891287015b03b9976c45cc1f7c2",
            "content_sha256": "a969a503639b98261f57176ccde6cc9296eef74b81b29cdf9ab50261c046a807",
            "content_sha512": "d011dda9e79b698b37e445bfba23de40971e80729116258a472bc4c9cb92d89630c7c412d75ea20f11ebe54c41a682a34ae1c4c6e8b5aba5078fe0feca2804a0",
            "directory_permission": "0777",
            "file_permission": "0777",
            "filename": "app/db.conf",
            "id": "9ee8bbfb93697891287015b03b9976c45cc1f7c2",
            "sensitive_content": null,
            "source": null
          },
          "sensitive_attributes": [
            [
              {
                "type": "get_attr",
                "value": "sensitive_content"
              }
            ]
          ],
          "identity_schema_version": 0
        }
      ]
    },
    {
      "mode": "managed",
      "type": "local_file",
      "name": "networks",
      "provider": "provider[\"registry.terraform.io/hashicorp/local\"]",
      "instances": [
        {
          "schema_version": 0,
          "attributes": {
            "content": "        vcn_name= nonprod-vcn\r\n        cidr=10.0.0.0/16\r\n        subset_names= web-subnet,db-subnet\r\n        subset_cidr=10.0.1.0/24,10.0.2.0/24\r\n        nsg_name=web-nsg\r\n",
            "content_base64": null,
            "content_base64sha256": "WYUzPnjfMFpEdqCCF6nWiRLxNfHEtB+JYZCuockWMYI=",
            "content_base64sha512": "44ThRD7sqSL4ZZZ6agYB8YhWa20NUUXHwkHJN6I2tz/oKlPJzNxBhruYaLUtGsdvFAITHKtdeMU2uwp2FmShYQ==",
            "content_md5": "1a48335139fa12ac0f66508b20d7c877",
            "content_sha1": "0d26acb4d7ff3c04d47b8254b76f98ae7bb7913b",
            "content_sha256": "5985333e78df305a4476a08217a9d68912f135f1c4b41f896190aea1c9163182",
            "content_sha512": "e384e1443eeca922f865967a6a0601f188566b6d0d5145c7c241c937a236b73fe82a53c9ccdc4186bb9868b52d1ac76f1402131cab5d78c536bb0a761664a161",
            "directory_permission": "0777",
            "file_permission": "0777",
            "filename": "app/networks.conf",
            "id": "0d26acb4d7ff3c04d47b8254b76f98ae7bb7913b",
            "sensitive_content": null,
            "source": null
          },
          "sensitive_attributes": [
            [
              {
                "type": "get_attr",
                "value": "sensitive_content"
              }
            ]
          ],
          "identity_schema_version": 0
        }
      ]
    },
    {
      "mode": "managed",
      "type": "local_file",
      "name": "oci_web_servers",
      "provider": "provider[\"registry.terraform.io/hashicorp/local\"]",
      "instances": [
        {
          "index_key": "web01",
          "schema_version": 0,
          "attributes": {
            "content": "        servername = web01\r\n        compartment_name = shared-services\r\n        availability_domain = AD-1\r\n        instance_shape = VM.Standard.E4.Flex\r\n",
            "content_base64": null,
            "content_base64sha256": "WOm1To5Rb8q0JG15kOfxiyH7eaa2MepTb/13jywKMrI=",
            "content_base64sha512": "gMzWhs68Kjrd9uGtHRLLm80qKK02Ev23WQS5zeku7FYP1Zdpi57JukKY6Ng0Xt1lIT5JWfXsiHRenVzyuoivgg==",
            "content_md5": "7d45f412af3d71db8fe12ce9f20a7b9e",
            "content_sha1": "157251399982673895ba4a79efb9b49df266e6c7",
            "content_sha256": "58e9b54e8e516fcab4246d7990e7f18b21fb79a6b631ea536ffd778f2c0a32b2",
            "content_sha512": "80ccd686cebc2a3addf6e1ad1d12cb9bcd2a28ad3612fdb75904b9cde92eec560fd597698b9ec9ba4298e8d8345edd65213e4959f5ec88745e9d5cf2ba88af82",
            "directory_permission": "0777",
            "file_permission": "0777",
            "filename": "app/web01.conf",
            "id": "157251399982673895ba4a79efb9b49df266e6c7",
            "sensitive_content": null,
            "source": null
          },
          "sensitive_attributes": [
            [
              {
                "type": "get_attr",
                "value": "sensitive_content"
              }
            ]
          ],
          "identity_schema_version": 0
        },
        {
          "index_key": "web02",
          "schema_version": 0,
          "attributes": {
            "content": "        servername = web02\r\n        compartment_name = shared-services\r\n        availability_domain = AD-1\r\n        instance_shape = VM.Standard.E4.Flex\r\n",
            "content_base64": null,
            "content_base64sha256": "l0KKa0HyQqybkpf2Tc1uSHmXFiWBnI+Y+CF6L/If9vg=",
            "content_base64sha512": "vZajBoY2RUj8ILFbcBqzckIJEEIpuL/qCZAps91jEB5dfEWphoI77mBEa/+X1zt3aZVKbBGiagfL7FX1aPqEAg==",
            "content_md5": "e2315b896babdc247f3c247dded5ba9d",
            "content_sha1": "aee4639afa6cb0a6561c90fc574b40485d57cd45",
            "content_sha256": "97428a6b41f242ac9b9297f64dcd6e4879971625819c8f98f8217a2ff21ff6f8",
            "content_sha512": "bd96a30686364548fc20b15b701ab3724209104229b8bfea099029b3dd63101e5d7c45a986823bee60446bff97d73b7769954a6c11a26a07cbec55f568fa8402",
            "directory_permission": "0777",
            "file_permission": "0777",
            "filename": "app/web02.conf",
            "id": "aee4639afa6cb0a6561c90fc574b40485d57cd45",
            "sensitive_content": null,
            "source": null
          },
          "sensitive_attributes": [
            [
              {
                "type": "get_attr",
                "value": "sensitive_content"
              }
            ]
          ],
          "identity_schema_version": 0
        },
        {
          "index_key": "web03",
          "schema_version": 0,
          "attributes": {
            "content": "        servername = web03\r\n        compartment_name = shared-services\r\n        availability_domain = AD-1\r\n        instance_shape = VM.Standard.E4.Flex\r\n",
            "content_base64": null,
            "content_base64sha256": "ejTZodhDlV35iKarVdtphocJnqtXGWEan8QdW3dCla8=",
            "content_base64sha512": "JGZgtTqRZuahUHJ1I0S/wo1HhglwqkUuguf9O7KAB60Ct85olxZspGABsqcKVXrGGsJMhRkPWap3fVG1HUovCQ==",
            "content_md5": "2d310ba7eba57eba131545445e6c8308",
            "content_sha1": "d8fd581778ae022dae9da4698576ece1d8d66d9c",
            "content_sha256": "7a34d9a1d843955df988a6ab55db698687099eab5719611a9fc41d5b774295af",
            "content_sha512": "246660b53a9166e6a15072752344bfc28d47860970aa452e82e7fd3bb28007ad02b7ce6897166ca46001b2a70a557ac61ac24c85190f59aa777d51b51d4a2f09",
            "directory_permission": "0777",
            "file_permission": "0777",
            "filename": "app/web03.conf",
            "id": "d8fd581778ae022dae9da4698576ece1d8d66d9c",
            "sensitive_content": null,
            "source": null
          },
          "sensitive_attributes": [
            [
              {
                "type": "get_attr",
                "value": "sensitive_content"
              }
            ]
          ],
          "identity_schema_version": 0
        }
      ]
    },
    {
      "mode": "managed",
      "type": "local_file",
      "name": "web_config",
      "provider": "provider[\"registry.terraform.io/hashicorp/local\"]",
      "instances": [
        {
          "schema_version": 0,
          "attributes": {
            "content": "environment=dev\r\nserver=web01\r\nport=80\r\n",
            "content_base64": null,
            "content_base64sha256": "5D+CjShl9nBE1V8ZpqPFSNAUnQCg9NPVcu1YQ7wvjXw=",
            "content_base64sha512": "lPrSzwrxSqaz7KPqOOpN2xeaTVH5hhDdekz+qipFNJ4bNB3/ulWB1CYsVTZyNrGJTVQjiRSOuE/YveQtmdlEbw==",
            "content_md5": "6b5800944526cef5b3a39caf1072e280",
            "content_sha1": "d6b7b729f32cb574b11fec99600759edc2116fe4",
            "content_sha256": "e43f828d2865f67044d55f19a6a3c548d0149d00a0f4d3d572ed5843bc2f8d7c",
            "content_sha512": "94fad2cf0af14aa6b3eca3ea38ea4ddb179a4d51f98610dd7a4cfeaa2a45349e1b341dffba5581d4262c55367236b1894d542389148eb84fd8bde42d99d9446f",
            "directory_permission": "0777",
            "file_permission": "0777",
            "filename": "app/web.conf",
            "id": "d6b7b729f32cb574b11fec99600759edc2116fe4",
            "sensitive_content": null,
            "source": null
          },
          "sensitive_attributes": [
            [
              {
                "type": "get_attr",
                "value": "sensitive_content"
              }
            ]
          ],
          "identity_schema_version": 0
        }
      ]
    }
  ],
  "check_results": null
}
